Microsoft Visual Studio Solution File, Format Version 12.00
# Visual Studio Version 17
VisualStudioVersion = 17.0.32014.148
MinimumVisualStudioVersion = 10.0.40219.1
Project("{FAE04EC0-301F-11D3-BF4B-00C04F79EFBC}") = "ArbWeb", "ArbWeb.csproj", "{4FE06412-5609-4E6A-9B5E-586A9A3AF147}"
EndProject
Project("{FAE04EC0-301F-11D3-BF4B-00C04F79EFBC}") = "TCore.Util", "..\liblet\cs\TCore.Util\TCore.Util.csproj", "{59868345-BC40-4771-A4D7-7C6A763663F0}"
EndProject
Project("{2150E333-8FDC-42A3-9474-1A3956D46DE8}") = "Liblets", "Liblets", "{0561D059-8521-4C21-AD86-B196ED13670B}"
EndProject
Project("{FAE04EC0-301F-11D3-BF4B-00C04F79EFBC}") = "TCore.CSV", "..\liblet\cs\TCore.CSV\TCore.CSV.csproj", "{E2D2EF30-C48E-4517-93FD-590940E23CE3}"
EndProject
Project("{FAE04EC0-301F-11D3-BF4B-00C04F79EFBC}") = "Logging", "..\liblet\cs\TCore.Logging\Logging.csproj", "{EE681C45-8416-4DE7-9E62-AE1371A7DE9A}"
EndProject
Project("{FAE04EC0-301F-11D3-BF4B-00C04F79EFBC}") = "TCore.WebControl", "..\liblet\cs\TCore.WebControl\TCore.WebControl.csproj", "{84B4E064-D576-4F70-B54A-3899E50865F4}"
EndProject
Project("{9A19103F-16F7-4668-BE54-9A1E7A4F7556}") = "TCore.MsalWeb", "..\liblet\cs\TCore.MsalWeb.Working\TCore.MsalWeb\TCore.MsalWeb.csproj", "{2A614ABE-23AE-4064-BD31-4EA1BCC4DAE0}"
EndProject
Project("{FAE04EC0-301F-11D3-BF4B-00C04F79EFBC}") = "TCore.UI", "..\liblet\cs\TCore.UI\TCore.UI.csproj", "{9213A90F-A23F-4BC5-827C-164ECB6C6CC2}"
EndProject
Global
	GlobalSection(SolutionConfigurationPlatforms) = preSolution
		AzureRelease|Any CPU = AzureRelease|Any CPU
		CD_ROM|Any CPU = CD_ROM|Any CPU
		Debug|Any CPU = Debug|Any CPU
		DebugStageHostStageSvcStageData|Any CPU = DebugStageHostStageSvcStageData|Any CPU
		DVD-5|Any CPU = DVD-5|Any CPU
		LocalDebug|Any CPU = LocalDebug|Any CPU
		Release|Any CPU = Release|Any CPU
		SingleImage|Any CPU = SingleImage|Any CPU
	EndGlobalSection
	GlobalSection(ProjectConfigurationPlatforms) = postSolution
		{4FE06412-5609-4E6A-9B5E-586A9A3AF147}.AzureRelease|Any CPU.ActiveCfg = Release|Any CPU
		{4FE06412-5609-4E6A-9B5E-586A9A3AF147}.AzureRelease|Any CPU.Build.0 = Release|Any CPU
		{4FE06412-5609-4E6A-9B5E-586A9A3AF147}.CD_ROM|Any CPU.ActiveCfg = Release|Any CPU
		{4FE06412-5609-4E6A-9B5E-586A9A3AF147}.CD_ROM|Any CPU.Build.0 = Release|Any CPU
		{4FE06412-5609-4E6A-9B5E-586A9A3AF147}.Debug|Any CPU.ActiveCfg = Debug|Any CPU
		{4FE06412-5609-4E6A-9B5E-586A9A3AF147}.Debug|Any CPU.Build.0 = Debug|Any CPU
		{4FE06412-5609-4E6A-9B5E-586A9A3AF147}.DebugStageHostStageSvcStageData|Any CPU.ActiveCfg = Debug|Any CPU
		{4FE06412-5609-4E6A-9B5E-586A9A3AF147}.DebugStageHostStageSvcStageData|Any CPU.Build.0 = Debug|Any CPU
		{4FE06412-5609-4E6A-9B5E-586A9A3AF147}.DVD-5|Any CPU.ActiveCfg = Debug|Any CPU
		{4FE06412-5609-4E6A-9B5E-586A9A3AF147}.DVD-5|Any CPU.Build.0 = Debug|Any CPU
		{4FE06412-5609-4E6A-9B5E-586A9A3AF147}.LocalDebug|Any CPU.ActiveCfg = Debug|Any CPU
		{4FE06412-5609-4E6A-9B5E-586A9A3AF147}.LocalDebug|Any CPU.Build.0 = Debug|Any CPU
		{4FE06412-5609-4E6A-9B5E-586A9A3AF147}.Release|Any CPU.ActiveCfg = Release|Any CPU
		{4FE06412-5609-4E6A-9B5E-586A9A3AF147}.Release|Any CPU.Build.0 = Release|Any CPU
		{4FE06412-5609-4E6A-9B5E-586A9A3AF147}.SingleImage|Any CPU.ActiveCfg = Release|Any CPU
		{4FE06412-5609-4E6A-9B5E-586A9A3AF147}.SingleImage|Any CPU.Build.0 = Release|Any CPU
		{59868345-BC40-4771-A4D7-7C6A763663F0}.AzureRelease|Any CPU.ActiveCfg = Release|Any CPU
		{59868345-BC40-4771-A4D7-7C6A763663F0}.AzureRelease|Any CPU.Build.0 = Release|Any CPU
		{59868345-BC40-4771-A4D7-7C6A763663F0}.CD_ROM|Any CPU.ActiveCfg = Release|Any CPU
		{59868345-BC40-4771-A4D7-7C6A763663F0}.CD_ROM|Any CPU.Build.0 = Release|Any CPU
		{59868345-BC40-4771-A4D7-7C6A763663F0}.Debug|Any CPU.ActiveCfg = Debug|Any CPU
		{59868345-BC40-4771-A4D7-7C6A763663F0}.Debug|Any CPU.Build.0 = Debug|Any CPU
		{59868345-BC40-4771-A4D7-7C6A763663F0}.DebugStageHostStageSvcStageData|Any CPU.ActiveCfg = Debug|Any CPU
		{59868345-BC40-4771-A4D7-7C6A763663F0}.DebugStageHostStageSvcStageData|Any CPU.Build.0 = Debug|Any CPU
		{59868345-BC40-4771-A4D7-7C6A763663F0}.DVD-5|Any CPU.ActiveCfg = Debug|Any CPU
		{59868345-BC40-4771-A4D7-7C6A763663F0}.DVD-5|Any CPU.Build.0 = Debug|Any CPU
		{59868345-BC40-4771-A4D7-7C6A763663F0}.LocalDebug|Any CPU.ActiveCfg = Debug|Any CPU
		{59868345-BC40-4771-A4D7-7C6A763663F0}.LocalDebug|Any CPU.Build.0 = Debug|Any CPU
		{59868345-BC40-4771-A4D7-7C6A763663F0}.Release|Any CPU.ActiveCfg = Release|Any CPU
		{59868345-BC40-4771-A4D7-7C6A763663F0}.Release|Any CPU.Build.0 = Release|Any CPU
		{59868345-BC40-4771-A4D7-7C6A763663F0}.SingleImage|Any CPU.ActiveCfg = Release|Any CPU
		{59868345-BC40-4771-A4D7-7C6A763663F0}.SingleImage|Any CPU.Build.0 = Release|Any CPU
		{E2D2EF30-C48E-4517-93FD-590940E23CE3}.AzureRelease|Any CPU.ActiveCfg = Release|Any CPU
		{E2D2EF30-C48E-4517-93FD-590940E23CE3}.AzureRelease|Any CPU.Build.0 = Release|Any CPU
		{E2D2EF30-C48E-4517-93FD-590940E23CE3}.CD_ROM|Any CPU.ActiveCfg = Release|Any CPU
		{E2D2EF30-C48E-4517-93FD-590940E23CE3}.CD_ROM|Any CPU.Build.0 = Release|Any CPU
		{E2D2EF30-C48E-4517-93FD-590940E23CE3}.Debug|Any CPU.ActiveCfg = Debug|Any CPU
		{E2D2EF30-C48E-4517-93FD-590940E23CE3}.Debug|Any CPU.Build.0 = Debug|Any CPU
		{E2D2EF30-C48E-4517-93FD-590940E23CE3}.DebugStageHostStageSvcStageData|Any CPU.ActiveCfg = Debug|Any CPU
		{E2D2EF30-C48E-4517-93FD-590940E23CE3}.DebugStageHostStageSvcStageData|Any CPU.Build.0 = Debug|Any CPU
		{E2D2EF30-C48E-4517-93FD-590940E23CE3}.DVD-5|Any CPU.ActiveCfg = Debug|Any CPU
		{E2D2EF30-C48E-4517-93FD-590940E23CE3}.DVD-5|Any CPU.Build.0 = Debug|Any CPU
		{E2D2EF30-C48E-4517-93FD-590940E23CE3}.LocalDebug|Any CPU.ActiveCfg = Debug|Any CPU
		{E2D2EF30-C48E-4517-93FD-590940E23CE3}.LocalDebug|Any CPU.Build.0 = Debug|Any CPU
		{E2D2EF30-C48E-4517-93FD-590940E23CE3}.Release|Any CPU.ActiveCfg = Release|Any CPU
		{E2D2EF30-C48E-4517-93FD-590940E23CE3}.Release|Any CPU.Build.0 = Release|Any CPU
		{E2D2EF30-C48E-4517-93FD-590940E23CE3}.SingleImage|Any CPU.ActiveCfg = Release|Any CPU
		{E2D2EF30-C48E-4517-93FD-590940E23CE3}.SingleImage|Any CPU.Build.0 = Release|Any CPU
		{EE681C45-8416-4DE7-9E62-AE1371A7DE9A}.AzureRelease|Any CPU.ActiveCfg = AzureRelease|Any CPU
		{EE681C45-8416-4DE7-9E62-AE1371A7DE9A}.AzureRelease|Any CPU.Build.0 = AzureRelease|Any CPU
		{EE681C45-8416-4DE7-9E62-AE1371A7DE9A}.CD_ROM|Any CPU.ActiveCfg = AzureRelease|Any CPU
		{EE681C45-8416-4DE7-9E62-AE1371A7DE9A}.CD_ROM|Any CPU.Build.0 = AzureRelease|Any CPU
		{EE681C45-8416-4DE7-9E62-AE1371A7DE9A}.Debug|Any CPU.ActiveCfg = Debug|Any CPU
		{EE681C45-8416-4DE7-9E62-AE1371A7DE9A}.Debug|Any CPU.Build.0 = Debug|Any CPU
		{EE681C45-8416-4DE7-9E62-AE1371A7DE9A}.DebugStageHostStageSvcStageData|Any CPU.ActiveCfg = Debug|Any CPU
		{EE681C45-8416-4DE7-9E62-AE1371A7DE9A}.DebugStageHostStageSvcStageData|Any CPU.Build.0 = Debug|Any CPU
		{EE681C45-8416-4DE7-9E62-AE1371A7DE9A}.DVD-5|Any CPU.ActiveCfg = Debug|Any CPU
		{EE681C45-8416-4DE7-9E62-AE1371A7DE9A}.DVD-5|Any CPU.Build.0 = Debug|Any CPU
		{EE681C45-8416-4DE7-9E62-AE1371A7DE9A}.LocalDebug|Any CPU.ActiveCfg = LocalDebug|Any CPU
		{EE681C45-8416-4DE7-9E62-AE1371A7DE9A}.LocalDebug|Any CPU.Build.0 = LocalDebug|Any CPU
		{EE681C45-8416-4DE7-9E62-AE1371A7DE9A}.Release|Any CPU.ActiveCfg = Release|Any CPU
		{EE681C45-8416-4DE7-9E62-AE1371A7DE9A}.Release|Any CPU.Build.0 = Release|Any CPU
		{EE681C45-8416-4DE7-9E62-AE1371A7DE9A}.SingleImage|Any CPU.ActiveCfg = AzureRelease|Any CPU
		{EE681C45-8416-4DE7-9E62-AE1371A7DE9A}.SingleImage|Any CPU.Build.0 = AzureRelease|Any CPU
		{84B4E064-D576-4F70-B54A-3899E50865F4}.AzureRelease|Any CPU.ActiveCfg = Release|Any CPU
		{84B4E064-D576-4F70-B54A-3899E50865F4}.AzureRelease|Any CPU.Build.0 = Release|Any CPU
		{84B4E064-D576-4F70-B54A-3899E50865F4}.CD_ROM|Any CPU.ActiveCfg = Release|Any CPU
		{84B4E064-D576-4F70-B54A-3899E50865F4}.CD_ROM|Any CPU.Build.0 = Release|Any CPU
		{84B4E064-D576-4F70-B54A-3899E50865F4}.Debug|Any CPU.ActiveCfg = Debug|Any CPU
		{84B4E064-D576-4F70-B54A-3899E50865F4}.Debug|Any CPU.Build.0 = Debug|Any CPU
		{84B4E064-D576-4F70-B54A-3899E50865F4}.DebugStageHostStageSvcStageData|Any CPU.ActiveCfg = Debug|Any CPU
		{84B4E064-D576-4F70-B54A-3899E50865F4}.DebugStageHostStageSvcStageData|Any CPU.Build.0 = Debug|Any CPU
		{84B4E064-D576-4F70-B54A-3899E50865F4}.DVD-5|Any CPU.ActiveCfg = Debug|Any CPU
		{84B4E064-D576-4F70-B54A-3899E50865F4}.DVD-5|Any CPU.Build.0 = Debug|Any CPU
		{84B4E064-D576-4F70-B54A-3899E50865F4}.LocalDebug|Any CPU.ActiveCfg = Debug|Any CPU
		{84B4E064-D576-4F70-B54A-3899E50865F4}.LocalDebug|Any CPU.Build.0 = Debug|Any CPU
		{84B4E064-D576-4F70-B54A-3899E50865F4}.Release|Any CPU.ActiveCfg = Release|Any CPU
		{84B4E064-D576-4F70-B54A-3899E50865F4}.Release|Any CPU.Build.0 = Release|Any CPU
		{84B4E064-D576-4F70-B54A-3899E50865F4}.SingleImage|Any CPU.ActiveCfg = Release|Any CPU
		{84B4E064-D576-4F70-B54A-3899E50865F4}.SingleImage|Any CPU.Build.0 = Release|Any CPU
		{2A614ABE-23AE-4064-BD31-4EA1BCC4DAE0}.AzureRelease|Any CPU.ActiveCfg = Release|Any CPU
		{2A614ABE-23AE-4064-BD31-4EA1BCC4DAE0}.AzureRelease|Any CPU.Build.0 = Release|Any CPU
		{2A614ABE-23AE-4064-BD31-4EA1BCC4DAE0}.CD_ROM|Any CPU.ActiveCfg = Debug|Any CPU
		{2A614ABE-23AE-4064-BD31-4EA1BCC4DAE0}.CD_ROM|Any CPU.Build.0 = Debug|Any CPU
		{2A614ABE-23AE-4064-BD31-4EA1BCC4DAE0}.Debug|Any CPU.ActiveCfg = Debug|Any CPU
		{2A614ABE-23AE-4064-BD31-4EA1BCC4DAE0}.Debug|Any CPU.Build.0 = Debug|Any CPU
		{2A614ABE-23AE-4064-BD31-4EA1BCC4DAE0}.DebugStageHostStageSvcStageData|Any CPU.ActiveCfg = Debug|Any CPU
		{2A614ABE-23AE-4064-BD31-4EA1BCC4DAE0}.DebugStageHostStageSvcStageData|Any CPU.Build.0 = Debug|Any CPU
		{2A614ABE-23AE-4064-BD31-4EA1BCC4DAE0}.DVD-5|Any CPU.ActiveCfg = Debug|Any CPU
		{2A614ABE-23AE-4064-BD31-4EA1BCC4DAE0}.DVD-5|Any CPU.Build.0 = Debug|Any CPU
		{2A614ABE-23AE-4064-BD31-4EA1BCC4DAE0}.LocalDebug|Any CPU.ActiveCfg = Debug|Any CPU
		{2A614ABE-23AE-4064-BD31-4EA1BCC4DAE0}.LocalDebug|Any CPU.Build.0 = Debug|Any CPU
		{2A614ABE-23AE-4064-BD31-4EA1BCC4DAE0}.Release|Any CPU.ActiveCfg = Release|Any CPU
		{2A614ABE-23AE-4064-BD31-4EA1BCC4DAE0}.Release|Any CPU.Build.0 = Release|Any CPU
		{2A614ABE-23AE-4064-BD31-4EA1BCC4DAE0}.SingleImage|Any CPU.ActiveCfg = Debug|Any CPU
		{2A614ABE-23AE-4064-BD31-4EA1BCC4DAE0}.SingleImage|Any CPU.Build.0 = Debug|Any CPU
		{9213A90F-A23F-4BC5-827C-164ECB6C6CC2}.AzureRelease|Any CPU.ActiveCfg = Release|Any CPU
		{9213A90F-A23F-4BC5-827C-164ECB6C6CC2}.AzureRelease|Any CPU.Build.0 = Release|Any CPU
		{9213A90F-A23F-4BC5-827C-164ECB6C6CC2}.CD_ROM|Any CPU.ActiveCfg = Debug|Any CPU
		{9213A90F-A23F-4BC5-827C-164ECB6C6CC2}.CD_ROM|Any CPU.Build.0 = Debug|Any CPU
		{9213A90F-A23F-4BC5-827C-164ECB6C6CC2}.Debug|Any CPU.ActiveCfg = Debug|Any CPU
		{9213A90F-A23F-4BC5-827C-164ECB6C6CC2}.Debug|Any CPU.Build.0 = Debug|Any CPU
		{9213A90F-A23F-4BC5-827C-164ECB6C6CC2}.DebugStageHostStageSvcStageData|Any CPU.ActiveCfg = Debug|Any CPU
		{9213A90F-A23F-4BC5-827C-164ECB6C6CC2}.DebugStageHostStageSvcStageData|Any CPU.Build.0 = Debug|Any CPU
		{9213A90F-A23F-4BC5-827C-164ECB6C6CC2}.DVD-5|Any CPU.ActiveCfg = Debug|Any CPU
		{9213A90F-A23F-4BC5-827C-164ECB6C6CC2}.DVD-5|Any CPU.Build.0 = Debug|Any CPU
		{9213A90F-A23F-4BC5-827C-164ECB6C6CC2}.LocalDebug|Any CPU.ActiveCfg = Debug|Any CPU
		{9213A90F-A23F-4BC5-827C-164ECB6C6CC2}.LocalDebug|Any CPU.Build.0 = Debug|Any CPU
		{9213A90F-A23F-4BC5-827C-164ECB6C6CC2}.Release|Any CPU.ActiveCfg = Release|Any CPU
		{9213A90F-A23F-4BC5-827C-164ECB6C6CC2}.Release|Any CPU.Build.0 = Release|Any CPU
		{9213A90F-A23F-4BC5-827C-164ECB6C6CC2}.SingleImage|Any CPU.ActiveCfg = Debug|Any CPU
		{9213A90F-A23F-4BC5-827C-164ECB6C6CC2}.SingleImage|Any CPU.Build.0 = Debug|Any CPU
	EndGlobalSection
	GlobalSection(SolutionProperties) = preSolution
		HideSolutionNode = FALSE
	EndGlobalSection
	GlobalSection(NestedProjects) = preSolution
		{59868345-BC40-4771-A4D7-7C6A763663F0} = {0561D059-8521-4C21-AD86-B196ED13670B}
		{E2D2EF30-C48E-4517-93FD-590940E23CE3} = {0561D059-8521-4C21-AD86-B196ED13670B}
		{EE681C45-8416-4DE7-9E62-AE1371A7DE9A} = {0561D059-8521-4C21-AD86-B196ED13670B}
		{84B4E064-D576-4F70-B54A-3899E50865F4} = {0561D059-8521-4C21-AD86-B196ED13670B}
		{2A614ABE-23AE-4064-BD31-4EA1BCC4DAE0} = {0561D059-8521-4C21-AD86-B196ED13670B}
		{9213A90F-A23F-4BC5-827C-164ECB6C6CC2} = {0561D059-8521-4C21-AD86-B196ED13670B}
	EndGlobalSection
	GlobalSection(ExtensibilityGlobals) = postSolution
		SolutionGuid = {1DF2178E-48CA-4068-B185-E5C20F14B657}
	EndGlobalSection
EndGlobal
